
Microsoft Visual Studio Solution File, Format Version 12.00
# Visual Studio Version 16
VisualStudioVersion = 16.0.31205.134
MinimumVisualStudioVersion = 10.0.40219.1
Project("{2150E333-8FDC-42A3-9474-1A3956D46DE8}") = "Services", "Services", "{F19A1BAC-7A69-445D-BB5A-5438BE3871BB}"
EndProject
Project("{2150E333-8FDC-42A3-9474-1A3956D46DE8}") = "Catalog", "Catalog", "{61D875F3-C6B7-4B0E-BFCD-1490E72EAFF4}"
EndProject
Project("{FAE04EC0-301F-11D3-BF4B-00C04F79EFBC}") = "Catalog.API", "Services\Catalog\Catalog.API\Catalog.API.csproj", "{C6052248-AE92-441B-AB33-16F36C3E77DD}"
EndProject
Project("{E53339B2-1760-4266-BCC7-CA923CBCF16C}") = "docker-compose", "docker-compose.dcproj", "{20B58030-A4C0-4FCF-B7A4-E692AB51D4B6}"
EndProject
Global
	GlobalSection(SolutionConfigurationPlatforms) = preSolution
		Debug|Any CPU = Debug|Any CPU
		Release|Any CPU = Release|Any CPU
	EndGlobalSection
	GlobalSection(ProjectConfigurationPlatforms) = postSolution
		{C6052248-AE92-441B-AB33-16F36C3E77DD}.Debug|Any CPU.ActiveCfg = Debug|Any CPU
		{C6052248-AE92-441B-AB33-16F36C3E77DD}.Debug|Any CPU.Build.0 = Debug|Any CPU
		{C6052248-AE92-441B-AB33-16F36C3E77DD}.Release|Any CPU.ActiveCfg = Release|Any CPU
		{C6052248-AE92-441B-AB33-16F36C3E77DD}.Release|Any CPU.Build.0 = Release|Any CPU
		{20B58030-A4C0-4FCF-B7A4-E692AB51D4B6}.Debug|Any CPU.ActiveCfg = Debug|Any CPU
		{20B58030-A4C0-4FCF-B7A4-E692AB51D4B6}.Debug|Any CPU.Build.0 = Debug|Any CPU
		{20B58030-A4C0-4FCF-B7A4-E692AB51D4B6}.Release|Any CPU.ActiveCfg = Release|Any CPU
		{20B58030-A4C0-4FCF-B7A4-E692AB51D4B6}.Release|Any CPU.Build.0 = Release|Any CPU
	EndGlobalSection
	GlobalSection(SolutionProperties) = preSolution
		HideSolutionNode = FALSE
	EndGlobalSection
	GlobalSection(NestedProjects) = preSolution
		{61D875F3-C6B7-4B0E-BFCD-1490E72EAFF4} = {F19A1BAC-7A69-445D-BB5A-5438BE3871BB}
		{C6052248-AE92-441B-AB33-16F36C3E77DD} = {61D875F3-C6B7-4B0E-BFCD-1490E72EAFF4}
	EndGlobalSection
	GlobalSection(ExtensibilityGlobals) = postSolution
		SolutionGuid = {136B1953-2F7E-4616-A3CA-1FF5AE92A3CC}
	EndGlobalSection
EndGlobal
